
Microsoft Visual Studio Solution File, Format Version 12.00
# Visual Studio Version 17
VisualStudioVersion = 17.3.32825.248
MinimumVisualStudioVersion = 10.0.40219.1
Project("{FAE04EC0-301F-11D3-BF4B-00C04F79EFBC}") = "RadzenBlazorFirstLook.Server", "RadzenBlazorFirstLook\Server\RadzenBlazorFirstLook.Server.csproj", "{EC53DBE7-DC61-4A71-9CA7-DCE3D377B647}"
EndProject
Project("{FAE04EC0-301F-11D3-BF4B-00C04F79EFBC}") = "RadzenBlazorFirstLook.Client", "RadzenBlazorFirstLook\Client\RadzenBlazorFirstLook.Client.csproj", "{F1F46598-849B-4DA1-BCF9-B59BE533A483}"
EndProject
Project("{FAE04EC0-301F-11D3-BF4B-00C04F79EFBC}") = "RadzenBlazorFirstLook.Shared", "RadzenBlazorFirstLook\Shared\RadzenBlazorFirstLook.Shared.csproj", "{32677B62-AE7E-4F87-92DC-7A460CB51E1A}"
EndProject
Global
	GlobalSection(SolutionConfigurationPlatforms) = preSolution
		Debug|Any CPU = Debug|Any CPU
		Release|Any CPU = Release|Any CPU
	EndGlobalSection
	GlobalSection(ProjectConfigurationPlatforms) = postSolution
		{EC53DBE7-DC61-4A71-9CA7-DCE3D377B647}.Debug|Any CPU.ActiveCfg = Debug|Any CPU
		{EC53DBE7-DC61-4A71-9CA7-DCE3D377B647}.Debug|Any CPU.Build.0 = Debug|Any CPU
		{EC53DBE7-DC61-4A71-9CA7-DCE3D377B647}.Release|Any CPU.ActiveCfg = Release|Any CPU
		{EC53DBE7-DC61-4A71-9CA7-DCE3D377B647}.Release|Any CPU.Build.0 = Release|Any CPU
		{F1F46598-849B-4DA1-BCF9-B59BE533A483}.Debug|Any CPU.ActiveCfg = Debug|Any CPU
		{F1F46598-849B-4DA1-BCF9-B59BE533A483}.Debug|Any CPU.Build.0 = Debug|Any CPU
		{F1F46598-849B-4DA1-BCF9-B59BE533A483}.Release|Any CPU.ActiveCfg = Release|Any CPU
		{F1F46598-849B-4DA1-BCF9-B59BE533A483}.Release|Any CPU.Build.0 = Release|Any CPU
		{32677B62-AE7E-4F87-92DC-7A460CB51E1A}.Debug|Any CPU.ActiveCfg = Debug|Any CPU
		{32677B62-AE7E-4F87-92DC-7A460CB51E1A}.Debug|Any CPU.Build.0 = Debug|Any CPU
		{32677B62-AE7E-4F87-92DC-7A460CB51E1A}.Release|Any CPU.ActiveCfg = Release|Any CPU
		{32677B62-AE7E-4F87-92DC-7A460CB51E1A}.Release|Any CPU.Build.0 = Release|Any CPU
	EndGlobalSection
	GlobalSection(SolutionProperties) = preSolution
		HideSolutionNode = FALSE
	EndGlobalSection
	GlobalSection(ExtensibilityGlobals) = postSolution
		SolutionGuid = {C11DF5BB-30DF-4636-9628-832A8256E938}
	EndGlobalSection
EndGlobal
